
Microsoft Visual Studio Solution File, Format Version 12.00
# Visual Studio 15
VisualStudioVersion = 15.0.28307.421
MinimumVisualStudioVersion = 10.0.40219.1
Project("{FAE04EC0-301F-11D3-BF4B-00C04F79EFBC}") = "Persol Lunch", "Persol Lunch\Persol Lunch.csproj", "{12DB3913-5F88-4A15-BF7C-283BBFB6A4B4}"
EndProject
Global
	GlobalSection(SolutionConfigurationPlatforms) = preSolution
		Debug|Any CPU = Debug|Any CPU
		Release|Any CPU = Release|Any CPU
	EndGlobalSection
	GlobalSection(ProjectConfigurationPlatforms) = postSolution
		{12DB3913-5F88-4A15-BF7C-283BBFB6A4B4}.Debug|Any CPU.ActiveCfg = Debug|Any CPU
		{12DB3913-5F88-4A15-BF7C-283BBFB6A4B4}.Debug|Any CPU.Build.0 = Debug|Any CPU
		{12DB3913-5F88-4A15-BF7C-283BBFB6A4B4}.Release|Any CPU.ActiveCfg = Release|Any CPU
		{12DB3913-5F88-4A15-BF7C-283BBFB6A4B4}.Release|Any CPU.Build.0 = Release|Any CPU
	EndGlobalSection
	GlobalSection(SolutionProperties) = preSolution
		HideSolutionNode = FALSE
	EndGlobalSection
	GlobalSection(ExtensibilityGlobals) = postSolution
		SolutionGuid = {9B9EAA1F-36C6-476C-ADD4-4A5AAC1EDFD6}
	EndGlobalSection
EndGlobal
